
Microsoft Visual Studio Solution File, Format Version 12.00
# Visual Studio Version 16
VisualStudioVersion = 16.0.33130.400
MinimumVisualStudioVersion = 10.0.40219.1
Project("{FAE04EC0-301F-11D3-BF4B-00C04F79EFBC}") = "Mission06_koletonm", "Mission06_koletonm\Mission06_koletonm.csproj", "{5D80C6E0-BCCF-4749-934C-81A2003FCC62}"
EndProject
Global
	GlobalSection(SolutionConfigurationPlatforms) = preSolution
		Debug|Any CPU = Debug|Any CPU
		Release|Any CPU = Release|Any CPU
	EndGlobalSection
	GlobalSection(ProjectConfigurationPlatforms) = postSolution
		{5D80C6E0-BCCF-4749-934C-81A2003FCC62}.Debug|Any CPU.ActiveCfg = Debug|Any CPU
		{5D80C6E0-BCCF-4749-934C-81A2003FCC62}.Debug|Any CPU.Build.0 = Debug|Any CPU
		{5D80C6E0-BCCF-4749-934C-81A2003FCC62}.Release|Any CPU.ActiveCfg = Release|Any CPU
		{5D80C6E0-BCCF-4749-934C-81A2003FCC62}.Release|Any CPU.Build.0 = Release|Any CPU
	EndGlobalSection
	GlobalSection(SolutionProperties) = preSolution
		HideSolutionNode = FALSE
	EndGlobalSection
	GlobalSection(ExtensibilityGlobals) = postSolution
		SolutionGuid = {65F9DBA7-3C7A-49F6-AC8C-2F8E1613C67A}
	EndGlobalSection
EndGlobal
